
Microsoft Visual Studio Solution File, Format Version 12.00
# Visual Studio Version 16
VisualStudioVersion = 16.0.30320.27
MinimumVisualStudioVersion = 10.0.40219.1
Project("{FAE04EC0-301F-11D3-BF4B-00C04F79EFBC}") = "yoketoruvs20", "yoketoruvs20\yoketoruvs20.csproj", "{944885D4-90DA-4287-82C4-E3440F6B6189}"
EndProject
Global
	GlobalSection(SolutionConfigurationPlatforms) = preSolution
		Debug|Any CPU = Debug|Any CPU
		Release|Any CPU = Release|Any CPU
	EndGlobalSection
	GlobalSection(ProjectConfigurationPlatforms) = postSolution
		{944885D4-90DA-4287-82C4-E3440F6B6189}.Debug|Any CPU.ActiveCfg = Debug|Any CPU
		{944885D4-90DA-4287-82C4-E3440F6B6189}.Debug|Any CPU.Build.0 = Debug|Any CPU
		{944885D4-90DA-4287-82C4-E3440F6B6189}.Release|Any CPU.ActiveCfg = Release|Any CPU
		{944885D4-90DA-4287-82C4-E3440F6B6189}.Release|Any CPU.Build.0 = Release|Any CPU
	EndGlobalSection
	GlobalSection(SolutionProperties) = preSolution
		HideSolutionNode = FALSE
	EndGlobalSection
	GlobalSection(ExtensibilityGlobals) = postSolution
		SolutionGuid = {5C1074F7-3688-46A8-AD2D-BED37EE312F7}
	EndGlobalSection
EndGlobal
